
Microsoft Visual Studio Solution File, Format Version 12.00
# Visual Studio Version 17
VisualStudioVersion = 17.9.34728.123
MinimumVisualStudioVersion = 10.0.40219.1
Project("{FAE04EC0-301F-11D3-BF4B-00C04F79EFBC}") = "#09 HERENCIA Y POLIMORFISMO", "#09 HERENCIA Y POLIMORFISMO.csproj", "{DC0042BF-ED58-4498-9DEC-F1747EC47E94}"
EndProject
Global
	GlobalSection(SolutionConfigurationPlatforms) = preSolution
		Debug|Any CPU = Debug|Any CPU
		Release|Any CPU = Release|Any CPU
	EndGlobalSection
	GlobalSection(ProjectConfigurationPlatforms) = postSolution
		{DC0042BF-ED58-4498-9DEC-F1747EC47E94}.Debug|Any CPU.ActiveCfg = Debug|Any CPU
		{DC0042BF-ED58-4498-9DEC-F1747EC47E94}.Debug|Any CPU.Build.0 = Debug|Any CPU
		{DC0042BF-ED58-4498-9DEC-F1747EC47E94}.Release|Any CPU.ActiveCfg = Release|Any CPU
		{DC0042BF-ED58-4498-9DEC-F1747EC47E94}.Release|Any CPU.Build.0 = Release|Any CPU
	EndGlobalSection
	GlobalSection(SolutionProperties) = preSolution
		HideSolutionNode = FALSE
	EndGlobalSection
	GlobalSection(ExtensibilityGlobals) = postSolution
		SolutionGuid = {81DF2FA1-360E-4A19-93FF-E785DB9C12F8}
	EndGlobalSection
EndGlobal
