
Microsoft Visual Studio Solution File, Format Version 12.00
# Visual Studio Version 17
VisualStudioVersion = 17.9.34728.123
MinimumVisualStudioVersion = 10.0.40219.1
Project("{FAE04EC0-301F-11D3-BF4B-00C04F79EFBC}") = "#08 CLASES", "#08 CLASES.csproj", "{09830204-979C-47AB-B96D-77E61E5B8A0F}"
EndProject
Global
	GlobalSection(SolutionConfigurationPlatforms) = preSolution
		Debug|Any CPU = Debug|Any CPU
		Release|Any CPU = Release|Any CPU
	EndGlobalSection
	GlobalSection(ProjectConfigurationPlatforms) = postSolution
		{09830204-979C-47AB-B96D-77E61E5B8A0F}.Debug|Any CPU.ActiveCfg = Debug|Any CPU
		{09830204-979C-47AB-B96D-77E61E5B8A0F}.Debug|Any CPU.Build.0 = Debug|Any CPU
		{09830204-979C-47AB-B96D-77E61E5B8A0F}.Release|Any CPU.ActiveCfg = Release|Any CPU
		{09830204-979C-47AB-B96D-77E61E5B8A0F}.Release|Any CPU.Build.0 = Release|Any CPU
	EndGlobalSection
	GlobalSection(SolutionProperties) = preSolution
		HideSolutionNode = FALSE
	EndGlobalSection
	GlobalSection(ExtensibilityGlobals) = postSolution
		SolutionGuid = {86251AC3-3715-4427-AEB2-001FD4958FF5}
	EndGlobalSection
EndGlobal
