
Microsoft Visual Studio Solution File, Format Version 12.00
# Visual Studio Version 17
VisualStudioVersion = 17.9.34728.123
MinimumVisualStudioVersion = 10.0.40219.1
Project("{FAE04EC0-301F-11D3-BF4B-00C04F79EFBC}") = "#16 EXPRESIONES REGULARES", "#16 EXPRESIONES REGULARES.csproj", "{623CBAD1-C9B7-48ED-AC68-1588F77D78A6}"
EndProject
Global
	GlobalSection(SolutionConfigurationPlatforms) = preSolution
		Debug|Any CPU = Debug|Any CPU
		Release|Any CPU = Release|Any CPU
	EndGlobalSection
	GlobalSection(ProjectConfigurationPlatforms) = postSolution
		{623CBAD1-C9B7-48ED-AC68-1588F77D78A6}.Debug|Any CPU.ActiveCfg = Debug|Any CPU
		{623CBAD1-C9B7-48ED-AC68-1588F77D78A6}.Debug|Any CPU.Build.0 = Debug|Any CPU
		{623CBAD1-C9B7-48ED-AC68-1588F77D78A6}.Release|Any CPU.ActiveCfg = Release|Any CPU
		{623CBAD1-C9B7-48ED-AC68-1588F77D78A6}.Release|Any CPU.Build.0 = Release|Any CPU
	EndGlobalSection
	GlobalSection(SolutionProperties) = preSolution
		HideSolutionNode = FALSE
	EndGlobalSection
	GlobalSection(ExtensibilityGlobals) = postSolution
		SolutionGuid = {E444929E-1C26-49D2-8FBE-D3F346764CC2}
	EndGlobalSection
EndGlobal
