
Microsoft Visual Studio Solution File, Format Version 12.00
# Visual Studio Version 17
VisualStudioVersion = 17.9.34728.123
MinimumVisualStudioVersion = 10.0.40219.1
Project("{FAE04EC0-301F-11D3-BF4B-00C04F79EFBC}") = "#14 FECHAS", "#14 FECHAS.csproj", "{525833C3-1BA7-4E0F-8D96-00AC48061204}"
EndProject
Global
	GlobalSection(SolutionConfigurationPlatforms) = preSolution
		Debug|Any CPU = Debug|Any CPU
		Release|Any CPU = Release|Any CPU
	EndGlobalSection
	GlobalSection(ProjectConfigurationPlatforms) = postSolution
		{525833C3-1BA7-4E0F-8D96-00AC48061204}.Debug|Any CPU.ActiveCfg = Debug|Any CPU
		{525833C3-1BA7-4E0F-8D96-00AC48061204}.Debug|Any CPU.Build.0 = Debug|Any CPU
		{525833C3-1BA7-4E0F-8D96-00AC48061204}.Release|Any CPU.ActiveCfg = Release|Any CPU
		{525833C3-1BA7-4E0F-8D96-00AC48061204}.Release|Any CPU.Build.0 = Release|Any CPU
	EndGlobalSection
	GlobalSection(SolutionProperties) = preSolution
		HideSolutionNode = FALSE
	EndGlobalSection
	GlobalSection(ExtensibilityGlobals) = postSolution
		SolutionGuid = {DA84E24F-2ECF-4F63-BEC7-B165799E4421}
	EndGlobalSection
EndGlobal
