
Microsoft Visual Studio Solution File, Format Version 12.00
# Visual Studio Version 17
VisualStudioVersion = 17.9.34728.123
MinimumVisualStudioVersion = 10.0.40219.1
Project("{FAE04EC0-301F-11D3-BF4B-00C04F79EFBC}") = "#19 ENUMERACIONES", "#19 ENUMERACIONES.csproj", "{208F29F4-0EF3-4A6C-9413-C8B89F2CC0BA}"
EndProject
Global
	GlobalSection(SolutionConfigurationPlatforms) = preSolution
		Debug|Any CPU = Debug|Any CPU
		Release|Any CPU = Release|Any CPU
	EndGlobalSection
	GlobalSection(ProjectConfigurationPlatforms) = postSolution
		{208F29F4-0EF3-4A6C-9413-C8B89F2CC0BA}.Debug|Any CPU.ActiveCfg = Debug|Any CPU
		{208F29F4-0EF3-4A6C-9413-C8B89F2CC0BA}.Debug|Any CPU.Build.0 = Debug|Any CPU
		{208F29F4-0EF3-4A6C-9413-C8B89F2CC0BA}.Release|Any CPU.ActiveCfg = Release|Any CPU
		{208F29F4-0EF3-4A6C-9413-C8B89F2CC0BA}.Release|Any CPU.Build.0 = Release|Any CPU
	EndGlobalSection
	GlobalSection(SolutionProperties) = preSolution
		HideSolutionNode = FALSE
	EndGlobalSection
	GlobalSection(ExtensibilityGlobals) = postSolution
		SolutionGuid = {F96115A6-EC84-436E-82D0-25941FA4C551}
	EndGlobalSection
EndGlobal
