
Microsoft Visual Studio Solution File, Format Version 12.00
# Visual Studio Version 17
VisualStudioVersion = 17.9.34728.123
MinimumVisualStudioVersion = 10.0.40219.1
Project("{FAE04EC0-301F-11D3-BF4B-00C04F79EFBC}") = "#12 JSON Y XML", "#12 JSON Y XML.csproj", "{0A656AB9-4863-49E0-8D91-5D1598B6AA73}"
EndProject
Global
	GlobalSection(SolutionConfigurationPlatforms) = preSolution
		Debug|Any CPU = Debug|Any CPU
		Release|Any CPU = Release|Any CPU
	EndGlobalSection
	GlobalSection(ProjectConfigurationPlatforms) = postSolution
		{0A656AB9-4863-49E0-8D91-5D1598B6AA73}.Debug|Any CPU.ActiveCfg = Debug|Any CPU
		{0A656AB9-4863-49E0-8D91-5D1598B6AA73}.Debug|Any CPU.Build.0 = Debug|Any CPU
		{0A656AB9-4863-49E0-8D91-5D1598B6AA73}.Release|Any CPU.ActiveCfg = Release|Any CPU
		{0A656AB9-4863-49E0-8D91-5D1598B6AA73}.Release|Any CPU.Build.0 = Release|Any CPU
	EndGlobalSection
	GlobalSection(SolutionProperties) = preSolution
		HideSolutionNode = FALSE
	EndGlobalSection
	GlobalSection(ExtensibilityGlobals) = postSolution
		SolutionGuid = {5DA29C76-108C-4F81-9639-EC77221340EF}
	EndGlobalSection
EndGlobal
