
Microsoft Visual Studio Solution File, Format Version 12.00
# Visual Studio Version 17
VisualStudioVersion = 17.9.34728.123
MinimumVisualStudioVersion = 10.0.40219.1
Project("{FAE04EC0-301F-11D3-BF4B-00C04F79EFBC}") = "#11 MANEJO DE FICHEROS", "#11 MANEJO DE FICHEROS.csproj", "{4361266F-48D8-4960-BBA6-E66F52D183D8}"
EndProject
Global
	GlobalSection(SolutionConfigurationPlatforms) = preSolution
		Debug|Any CPU = Debug|Any CPU
		Release|Any CPU = Release|Any CPU
	EndGlobalSection
	GlobalSection(ProjectConfigurationPlatforms) = postSolution
		{4361266F-48D8-4960-BBA6-E66F52D183D8}.Debug|Any CPU.ActiveCfg = Debug|Any CPU
		{4361266F-48D8-4960-BBA6-E66F52D183D8}.Debug|Any CPU.Build.0 = Debug|Any CPU
		{4361266F-48D8-4960-BBA6-E66F52D183D8}.Release|Any CPU.ActiveCfg = Release|Any CPU
		{4361266F-48D8-4960-BBA6-E66F52D183D8}.Release|Any CPU.Build.0 = Release|Any CPU
	EndGlobalSection
	GlobalSection(SolutionProperties) = preSolution
		HideSolutionNode = FALSE
	EndGlobalSection
	GlobalSection(ExtensibilityGlobals) = postSolution
		SolutionGuid = {D68D6715-2EB7-444E-8DA6-68C11079D873}
	EndGlobalSection
EndGlobal
